github.com/benbjohnson/clock v1.0.3 h1:vkLuvpK4fmtSCuo60+yC63p7y0BmQ8gm5ZXGuBCJyXg=
github.com/benbjohnson/clock v1.0.3/go.mod h1:bGMdMPoPVvcYyt1gHDf4J2KE153Yf9BuiUKYMaxlTDM=
github.com/davecgh/go-spew v1.1.0/go.mod h1:J7Y8YcW2NihsgmVo/mv3lAwl/skON4iLHjSsI+c5H38=
github.com/davecgh/go-spew v1.1.1 h1:vj9j/u1bqnvCEfJOwUhtlOARqs3+rkHYY13jYWTU97c=
github.com/davecgh/go-spew v1.1.1/go.mod h1:J7Y8YcW2NihsgmVo/mv3lAwl/skON4iLHjSsI+c5H38=
github.com/emicklei/go-restful/v3 v3.4.0 h1:IIDhql3oyWZj1ay2xBZGb4sTOWMad0HVW8rwhVxN/Yk=
github.com/emicklei/go-restful/v3 v3.4.0/go.mod h1:6n3XBCmQQb25CM2LCACGz8ukIrRry+4bhvbpWn3mrbc=
github.com/google/go-cmp v0.5.4 h1:L8R9j+yAqZuZjsqh/z+F1NCffTKKLShY6zXTItVIZ8M=
github.com/google/go-cmp v0.5.4/go.mod h1:v8dTdLbMG2kIc/vJvl+f65V22dbkXbowE6jgT/gNBxE=
github.com/google/gofuzz v1.0.0/go.mod h1:dBl0BpW6vV/+mYPU4Po3pmUjxk6FQPldtuIdl/M65Eg=
github.com/json-iterator/go v1.1.10 h1:Kz6Cvnvv2wGdaG/V8yMvfkmNiXq9Ya2KUv4rouJJr68=
github.com/json-iterator/go v1.1.10/go.mod h1:KdQUCv79m/52Kvf8AW2vK1V8akMuk1QjK/uOdHXbAo4=
github.com/klauspost/compress v1.11.3 h1:dB4Bn0tN3wdCzQxnS8r06kV74qN/TAfaIS0bVE8h3jc=
github.com/klauspost/compress v1.11.3/go.mod h1:aoV0uJVorq1K+umq18yTdKaF57EivdYsUV+/s2qKfXs=
github.com/kr/pty v1.1.1/go.mod h1:pFQYn66WHrOpPYNljwOMqo10TkYh1fy3cYio2l3bCsQ=
github.com/kr/text v0.1.0 h1:45sCR5RtlFHMR4UwH9sdQ5TC8v0qDQCHnXt+kaKSTVE=
github.com/kr/text v0.1.0/go.mod h1:4Jbv+DJW3UT/LiOwJeYQe1efqtUx/iVham/4vfdArNI=
github.com/modern-go/concurrent v0.0.0-20180228061459-e0a39a4cb421/go.mod h1:6dJC0mAP4ikYIbvyc7fijjWJddQyLn8Ig3JB5CqoB9Q=
github.com/modern-go/concurrent v0.0.0-20180306012644-bacd9c7ef1dd h1:TRLaZ9cD/w8PVh93nsPXa1VrQ6jlwL5oN8l14QlcNfg=
github.com/modern-go/concurrent v0.0.0-20180306012644-bacd9c7ef1dd/go.mod h1:6dJC0mAP4ikYIbvyc7fijjWJddQyLn8Ig3JB5CqoB9Q=
github.com/modern-go/reflect2 v0.0.0-20180701023420-4b7aa43c6742/go.mod h1:bx2lNnkwVCuqBIxFjflWJWanXIb3RllmbCylyMrvgv0=
github.com/modern-go/reflect2 v1.0.1 h1:9f412s+6RmYXLWZSEzVVgPGK7C2PphHj5RJrvfx9AWI=
github.com/modern-go/reflect2 v1.0.1/go.mod h1:bx2lNnkwVCuqBIxFjflWJWanXIb3RllmbCylyMrvgv0=
github.com/niemeyer/pretty v0.0.0-20200227124842-a10e7caefd8e h1:fD57ERR4JtEqsWbfPhv4DMiApHyliiK5xCTNVSPiaAs=
github.com/niemeyer/pretty v0.0.0-20200227124842-a10e7caefd8e/go.mod h1:zD1mROLANZcx1PVRCS0qkT7pwLkGfwJo4zjcN/Tysno=
github.com/pmezard/go-difflib v1.0.0 h1:4DBwDE0NGyQoBHbLQYPwSUPoCMWR5BEzIk/f1lZbAQM=
github.com/pmezard/go-difflib v1.0.0/go.mod h1:iKH77koFhYxTK1pcRnkKkqfTogsbg7gZNVY4sRDYZ/4=
github.com/stretchr/objx v0.1.0/go.mod h1:HFkY916IF+rwdDfMAkV7OtwuqBVzrE8GR6GFx+wExME=
github.com/stretchr/testify v1.3.0/go.mod h1:M5WIy9Dh21IEIfnGCwXGc5bZfKNJtfHm1UVUgZn+9EI=
github.com/stretchr/testify v1.6.1 h1:hDPOHmpOpP40lSULcqw7IrRb/u7w6RpDC9399XyoNd0=
github.com/stretchr/testify v1.6.1/go.mod h1:6Fq8oRcR53rry900zMqJjRRixrwX3KX962/h/Wwjteg=
github.com/vmihailenco/msgpack/v5 v5.1.0 h1:+od5YbEXxW95SPlW6beocmt8nOtlh83zqat5Ip9Hwdc=
github.com/vmihailenco/msgpack/v5 v5.1.0/go.mod h1:C5gboKD0TJPqWDTVTtrQNfRbiBwHZGo8UTqP/9/XvLI=
github.com/vmihailenco/tagparser v0.1.2 h1:gnjoVuB/kljJ5wICEEOpx98oXMWPLj22G67Vbd1qPqc=
github.com/vmihailenco/tagparser v0.1.2/go.mod h1:OeAg3pn3UbLjkWt+rN9oFYB6u/cQgqMEUPoW2WPyhdI=
go.opentelemetry.io/contrib v0.16.0 h1:cScR/U3bjTjxsBv939wh4miANY/akdP644rsg9msrIA=
go.opentelemetry.io/contrib v0.16.0/go.mod h1:G/EtFaa6qaN7+LxqfIAT3GiZa7Wv5DTBUzl5H4LY0Kc=
go.opentelemetry.io/contrib/instrumentation/github.com/emicklei/go-restful/otelrestful v0.16.0 h1:zuZMp+dsXLWWA5+E8GvSZkRIZLJOC/qjAFLuoxhn9fM=
go.opentelemetry.io/contrib/instrumentation/github.com/emicklei/go-restful/otelrestful v0.16.0/go.mod h1:RaWtPsgF+HsSJQHF0OJGYx1s3a+F02KIpegatGrbWpw=
go.opentelemetry.io/contrib/instrumentation/net/http/httptrace/otelhttptrace v0.16.0 h1:4j5Pg5JoT9FGQx2zXbfKq+JabtbUpuB+bUmhPZB5hUM=
go.opentelemetry.io/contrib/instrumentation/net/http/httptrace/otelhttptrace v0.16.0/go.mod h1:P5mQmVnXk429V+RQnY79cRDxP7KeFqEirKBXwQkvfPA=
go.opentelemetry.io/contrib/propagators v0.16.0 h1:6M16whHin+Uz2zMefuxmFG5CITQ2Q1CHnt2vKxWcQ+A=
go.opentelemetry.io/contrib/propagators v0.16.0/go.mod h1:5kVVCrfVbGf6mu9Lk6DS91EDrkdneQdqUkJhmZXrOrA=
go.opentelemetry.io/otel v0.16.0 h1:uIWEbdeb4vpKPGITLsRVUS44L5oDbDUCZxn8lkxhmgw=
go.opentelemetry.io/otel v0.16.0/go.mod h1:e4GKElweB8W2gWUqbghw0B8t5MCTccc9212eNHnOHwA=
go.opentelemetry.io/otel/exporters/stdout v0.16.0 h1:lQG6ZZYLh3NxnmrHltRmqZolT/jPJ8Qfl74lWT8g69Y=
go.opentelemetry.io/otel/exporters/stdout v0.16.0/go.mod h1:bq7m22M7WIxz30KnxH9lI4RLKPajk0lnLsd5P2MsSv8=
go.opentelemetry.io/otel/sdk v0.16.0 h1:5o+fkNsOfH5Mix1bHUApNBqeDcAYczHDa7Ix+R73K2U=
go.opentelemetry.io/otel/sdk v0.16.0/go.mod h1:Jb0B4wrxerxtBeapvstmAZvJGQmvah4dHgKSngDpiCo=
golang.org/x/xerrors v0.0.0-20191204190536-9bdfabe68543 h1:E7g+9GITq07hpfrRu66IVDexMakfv52eLZ2CXBWiKr4=
golang.org/x/xerrors v0.0.0-20191204190536-9bdfabe68543/go.mod h1:I/5z698sn9Ka8TeJc9MKroUUfqBBauWjQqLJ2OPfmY0=
gopkg.in/check.v1 v0.0.0-20161208181325-20d25e280405/go.mod h1:Co6ibVJAznAaIkqp8huTwlJQCZ016jof/cbN4VW5Yz0=
gopkg.in/check.v1 v1.0.0-20200227125254-8fa46927fb4f h1:BLraFXnmrev5lT+xlilqcH8XK9/i0At2xKjWk4p6zsU=
gopkg.in/check.v1 v1.0.0-20200227125254-8fa46927fb4f/go.mod h1:Co6ibVJAznAaIkqp8huTwlJQCZ016jof/cbN4VW5Yz0=
gopkg.in/yaml.v3 v3.0.0-20200313102051-9f266ea9e77c h1:dUUwHk2QECo/6vqA44rthZ8ie2QXMNeKRTHCNY2nXvo=
gopkg.in/yaml.v3 v3.0.0-20200313102051-9f266ea9e77c/go.mod h1:K4uyk7z7BCEPqu6E+C64Yfv1cQ7kz7rIZviUmN+EgEM=
